{
  "name": "@hugov/metanorm",
  "version": "0.5.2",
  "lockfileVersion": 3,
  "requires": true,
  "packages": {
    "": {
      "name": "@hugov/metanorm",
      "version": "0.5.2",
      "license": "MIT",
      "dependencies": {
        "norm-dist": "^3.1.0"
      },
      "devDependencies": {
        "@types/node": "^22.15.17",
        "assert-op": "^1.2.0"
      }
    },
    "node_modules/@types/node": {
      "version": "22.15.19",
      "resolved": "https://registry.npmjs.org/@types/node/-/node-22.15.19.tgz",
      "integrity": "sha512-3vMNr4TzNQyjHcRZadojpRaD9Ofr6LsonZAoQ+HMUa/9ORTPoxVIw0e0mpqWpdjj8xybyCM+oKOUH2vwFu/oEw==",
      "dev": true,
      "dependencies": {
        "undici-types": "~6.21.0"
      }
    },
    "node_modules/assert-op": {
      "version": "1.2.0",
      "resolved": "https://registry.npmjs.org/assert-op/-/assert-op-1.2.0.tgz",
      "integrity": "sha512-s/dYgBihn8VD/8SiYBJ9U3jlQLu3BFL2oZ/+fF3CQTIW9zhJkUFUkOT5ig9V5oepYIq+Eyyms8hIdcB4a5I0hg==",
      "dev": true
    },
    "node_modules/norm-dist": {
      "version": "3.1.0",
      "resolved": "https://registry.npmjs.org/norm-dist/-/norm-dist-3.1.0.tgz",
      "integrity": "sha512-Bd1Kb0Qx5eWjNxft8gWwjqTCi7LI7kvsQb3fT+JbOj++3B4mZWiOt8fpgQ8LJF+/zvT05b2HHk9EKjkqzpsD/w=="
    },
    "node_modules/undici-types": {
      "version": "6.21.0",
      "resolved": "https://registry.npmjs.org/undici-types/-/undici-types-6.21.0.tgz",
      "integrity": "sha512-iwDZqg0QAGrg9Rav5H4n0M64c3mkR59cJ6wQp+7C4nI0gsmExaedaYLNO44eT4AtBBwjbTiGPMlt2Md0T9H9JQ==",
      "dev": true
    }
  }
}
